// !$*UTF8*$!
{
	archiveVersion = 1;
	classes = {
	};
	objectVersion = 50;
	objects = {

/* Begin PBXBuildFile section */
		47B6A96F2631373800873087 /* AppDelegate.swift in Sources */ = {isa = PBXBuildFile; fileRef = 47B6A96E2631373800873087 /* AppDelegate.swift */; };
		47B6A9712631373800873087 /* SceneDelegate.swift in Sources */ = {isa = PBXBuildFile; fileRef = 47B6A9702631373800873087 /* SceneDelegate.swift */; };
		47B6A9732631373800873087 /* ViewController.swift in Sources */ = {isa = PBXBuildFile; fileRef = 47B6A9722631373800873087 /* ViewController.swift */; };
		47B6A9762631373800873087 /* Main.storyboard in Resources */ = {isa = PBXBuildFile; fileRef = 47B6A9742631373800873087 /* Main.storyboard */; };
		47B6A9782631374600873087 /* Assets.xcassets in Resources */ = {isa = PBXBuildFile; fileRef = 47B6A9772631374600873087 /* Assets.xcassets */; };
		47B6A97B2631374600873087 /* LaunchScreen.storyboard in Resources */ = {isa = PBXBuildFile; fileRef = 47B6A9792631374600873087 /* LaunchScreen.storyboard */; };
		F43983633431AA0651F66E34 /* Pods_ClickGame.framework in Frameworks */ = {isa = PBXBuildFile; fileRef = 477756CE7C48ED1026D51877 /* Pods_ClickGame.framework */; };
/* End PBXBuildFile section */

/* Begin PBXFileReference section */
		1EE83F6A0FC15269D9CA063C /* Pods-ClickGame.release.xcconfig */ = {isa = PBXFileReference; includeInIndex = 1; lastKnownFileType = text.xcconfig; name = "Pods-ClickGame.release.xcconfig"; path = "Target Support Files/Pods-ClickGame/Pods-ClickGame.release.xcconfig"; sourceTree = "<group>"; };
		477756CE7C48ED1026D51877 /* Pods_ClickGame.framework */ = {isa = PBXFileReference; explicitFileType = wrapper.framework; includeInIndex = 0; path = Pods_ClickGame.framework; sourceTree = BUILT_PRODUCTS_DIR; };
		47B6A96B2631373800873087 /* ClickGame.app */ = {isa = PBXFileReference; explicitFileType = wrapper.application; includeInIndex = 0; path = ClickGame.app; sourceTree = BUILT_PRODUCTS_DIR; };
		47B6A96E2631373800873087 /* AppDelegate.swift */ = {isa = PBXFileReference; lastKnownFileType = sourcecode.swift; path = AppDelegate.swift; sourceTree = "<group>"; };
		47B6A9702631373800873087 /* SceneDelegate.swift */ = {isa = PBXFileReference; lastKnownFileType = sourcecode.swift; path = SceneDelegate.swift; sourceTree = "<group>"; };
		47B6A9722631373800873087 /* ViewController.swift */ = {isa = PBXFileReference; lastKnownFileType = sourcecode.swift; path = ViewController.swift; sourceTree = "<group>"; };
		47B6A9752631373800873087 /* Base */ = {isa = PBXFileReference; lastKnownFileType = file.storyboard; name = Base; path = Base.lproj/Main.storyboard; sourceTree = "<group>"; };
		47B6A9772631374600873087 /* Assets.xcassets */ = {isa = PBXFileReference; lastKnownFileType = folder.assetcatalog; path = Assets.xcassets; sourceTree = "<group>"; };
		47B6A97A2631374600873087 /* Base */ = {isa = PBXFileReference; lastKnownFileType = file.storyboard; name = Base; path = Base.lproj/LaunchScreen.storyboard; sourceTree = "<group>"; };
		47B6A97C2631374600873087 /* Info.plist */ = {isa = PBXFileReference; lastKnownFileType = text.plist.xml; path = Info.plist; sourceTree = "<group>"; };
		EBFA3862514824B18908FD15 /* Pods-ClickGame.debug.xcconfig */ = {isa = PBXFileReference; includeInIndex = 1; lastKnownFileType = text.xcconfig; name = "Pods-ClickGame.debug.xcconfig"; path = "Target Support Files/Pods-ClickGame/Pods-ClickGame.debug.xcconfig"; sourceTree = "<group>"; };
/* End PBXFileReference section */

/* Begin PBXFrameworksBuildPhase section */
		47B6A9682631373800873087 /* Frameworks */ = {
			isa = PBXFrameworksBuildPhase;
			buildActionMask = 2147483647;
			files = (
				F43983633431AA0651F66E34 /* Pods_ClickGame.framework in Frameworks */,
			);
			runOnlyForDeploymentPostprocessing = 0;
		};
/* End PBXFrameworksBuildPhase section */

/* Begin PBXGroup section */
		01A8894F6873F92E98743DBC /* Frameworks */ = {
			isa = PBXGroup;
			children = (
				477756CE7C48ED1026D51877 /* Pods_ClickGame.framework */,
			);
			name = Frameworks;
			sourceTree = "<group>";
		};
		47B6A9622631373700873087 = {
			isa = PBXGroup;
			children = (
				47B6A96D2631373800873087 /* ClickGame */,
				47B6A96C2631373800873087 /* Products */,
				6DABBD1080695B73BE71A754 /* Pods */,
				01A8894F6873F92E98743DBC /* Frameworks */,
			);
			sourceTree = "<group>";
		};
		47B6A96C2631373800873087 /* Products */ = {
			isa = PBXGroup;
			children = (
				47B6A96B2631373800873087 /* ClickGame.app */,
			);
			name = Products;
			sourceTree = "<group>";
		};
		47B6A96D2631373800873087 /* ClickGame */ = {
			isa = PBXGroup;
			children = (
				47B6A96E2631373800873087 /* AppDelegate.swift */,
				47B6A9702631373800873087 /* SceneDelegate.swift */,
				47B6A9722631373800873087 /* ViewController.swift */,
				47B6A9742631373800873087 /* Main.storyboard */,
				47B6A9772631374600873087 /* Assets.xcassets */,
				47B6A9792631374600873087 /* LaunchScreen.storyboard */,
				47B6A97C2631374600873087 /* Info.plist */,
			);
			path = ClickGame;
			sourceTree = "<group>";
		};
		6DABBD1080695B73BE71A754 /* Pods */ = {
			isa = PBXGroup;
			children = (
				EBFA3862514824B18908FD15 /* Pods-ClickGame.debug.xcconfig */,
				1EE83F6A0FC15269D9CA063C /* Pods-ClickGame.release.xcconfig */,
			);
			name = Pods;
			path = Pods;
			sourceTree = "<group>";
		};
/* End PBXGroup section */

/* Begin PBXNativeTarget section */
		47B6A96A2631373800873087 /* ClickGame */ = {
			isa = PBXNativeTarget;
			buildConfigurationList = 47B6A97F2631374600873087 /* Build configuration list for PBXNativeTarget "ClickGame" */;
			buildPhases = (
				B4F92E11B0B144A1FF849732 /* [CP] Check Pods Manifest.lock */,
				47B6A9672631373800873087 /* Sources */,
				47B6A9682631373800873087 /* Frameworks */,
				47B6A9692631373800873087 /* Resources */,
				9C469F50B134C47CD0FA2A3C /* [CP] Embed Pods Frameworks */,
			);
			buildRules = (
			);
			dependencies = (
			);
			name = ClickGame;
			productName = ClickGame;
			productReference = 47B6A96B2631373800873087 /* ClickGame.app */;
			productType = "com.apple.product-type.application";
		};
/* End PBXNativeTarget section */

/* Begin PBXProject section */
		47B6A9632631373700873087 /* Project object */ = {
			isa = PBXProject;
			attributes = {
				LastSwiftUpdateCheck = 1220;
				LastUpgradeCheck = 1220;
				TargetAttributes = {
					47B6A96A2631373800873087 = {
						CreatedOnToolsVersion = 12.2;
					};
				};
			};
			buildConfigurationList = 47B6A9662631373700873087 /* Build configuration list for PBXProject "ClickGame" */;
			compatibilityVersion = "Xcode 9.3";
			developmentRegion = en;
			hasScannedForEncodings = 0;
			knownRegions = (
				en,
				Base,
			);
			mainGroup = 47B6A9622631373700873087;
			productRefGroup = 47B6A96C2631373800873087 /* Products */;
			projectDirPath = "";
			projectRoot = "";
			targets = (
				47B6A96A2631373800873087 /* ClickGame */,
			);
		};
/* End PBXProject section */

/* Begin PBXResourcesBuildPhase section */
		47B6A9692631373800873087 /* Resources */ = {
			isa = PBXResourcesBuildPhase;
			buildActionMask = 2147483647;
			files = (
				47B6A97B2631374600873087 /* LaunchScreen.storyboard in Resources */,
				47B6A9782631374600873087 /* Assets.xcassets in Resources */,
				47B6A9762631373800873087 /* Main.storyboard in Resources */,
			);
			runOnlyForDeploymentPostprocessing = 0;
		};
/* End PBXResourcesBuildPhase section */

/* Begin PBXShellScriptBuildPhase section */
		9C469F50B134C47CD0FA2A3C /* [CP] Embed Pods Frameworks */ = {
			isa = PBXShellScriptBuildPhase;
			buildActionMask = 2147483647;
			files = (
			);
			inputFileListPaths = (
				"${PODS_ROOT}/Target Support Files/Pods-ClickGame/Pods-ClickGame-frameworks-${CONFIGURATION}-input-files.xcfilelist",
			);
			name = "[CP] Embed Pods Frameworks";
			outputFileListPaths = (
				"${PODS_ROOT}/Target Support Files/Pods-ClickGame/Pods-ClickGame-frameworks-${CONFIGURATION}-output-files.xcfilelist",
			);
			runOnlyForDeploymentPostprocessing = 0;
			shellPath = /bin/sh;
			shellScript = "\"${PODS_ROOT}/Target Support Files/Pods-ClickGame/Pods-ClickGame-frameworks.sh\"\n";
			showEnvVarsInLog = 0;
		};
		B4F92E11B0B144A1FF849732 /* [CP] Check Pods Manifest.lock */ = {
			isa = PBXShellScriptBuildPhase;
			buildActionMask = 2147483647;
			files = (
			);
			inputFileListPaths = (
			);
			inputPaths = (
				"${PODS_PODFILE_DIR_PATH}/Podfile.lock",
				"${PODS_ROOT}/Manifest.lock",
			);
			name = "[CP] Check Pods Manifest.lock";
			outputFileListPaths = (
			);
			outputPaths = (
				"$(DERIVED_FILE_DIR)/Pods-ClickGame-checkManifestLockResult.txt",
			);
			runOnlyForDeploymentPostprocessing = 0;
			shellPath = /bin/sh;
			shellScript = "diff \"${PODS_PODFILE_DIR_PATH}/Podfile.lock\" \"${PODS_ROOT}/Manifest.lock\" > /dev/null\nif [ $? != 0 ] ; then\n    # print error to STDERR\n    echo \"error: The sandbox is not in sync with the Podfile.lock. Run 'pod install' or update your CocoaPods installation.\" >&2\n    exit 1\nfi\n# This output is used by Xcode 'outputs' to avoid re-running this script phase.\necho \"SUCCESS\" > \"${SCRIPT_OUTPUT_FILE_0}\"\n";
			showEnvVarsInLog = 0;
		};
/* End PBXShellScriptBuildPhase section */

/* Begin PBXSourcesBuildPhase section */
		47B6A9672631373800873087 /* Sources */ = {
			isa = PBXSourcesBuildPhase;
			buildActionMask = 2147483647;
			files = (
				47B6A9732631373800873087 /* ViewController.swift in Sources */,
				47B6A96F2631373800873087 /* AppDelegate.swift in Sources */,
				47B6A9712631373800873087 /* SceneDelegate.swift in Sources */,
			);
			runOnlyForDeploymentPostprocessing = 0;
		};
/* End PBXSourcesBuildPhase section */

/* Begin PBXVariantGroup section */
		47B6A9742631373800873087 /* Main.storyboard */ = {
			isa = PBXVariantGroup;
			children = (
				47B6A9752631373800873087 /* Base */,
			);
			name = Main.storyboard;
			sourceTree = "<group>";
		};
		47B6A9792631374600873087 /* LaunchScreen.storyboard */ = {
			isa = PBXVariantGroup;
			children = (
				47B6A97A2631374600873087 /* Base */,
			);
			name = LaunchScreen.storyboard;
			sourceTree = "<group>";
		};
/* End PBXVariantGroup section */

/* Begin XCBuildConfiguration section */
		47B6A97D2631374600873087 /* Debug */ = {
			isa = XCBuildConfiguration;
			buildSettings = {
				ALWAYS_SEARCH_USER_PATHS = NO;
				CLANG_ANALYZER_NONNULL = YES;
				CLANG_ANALYZER_NUMBER_OBJECT_CONVERSION = YES_AGGRESSIVE;
				CLANG_CXX_LANGUAGE_STANDARD = "gnu++14";
				CLANG_CXX_LIBRARY = "libc++";
				CLANG_ENABLE_MODULES = YES;
				CLANG_ENABLE_OBJC_ARC = YES;
				CLANG_ENABLE_OBJC_WEAK = YES;
				CLANG_WARN_BLOCK_CAPTURE_AUTORELEASING = YES;
				CLANG_WARN_BOOL_CONVERSION = YES;
				CLANG_WARN_COMMA = YES;
				CLANG_WARN_CONSTANT_CONVERSION = YES;
				CLANG_WARN_DEPRECATED_OBJC_IMPLEMENTATIONS = YES;
				CLANG_WARN_DIRECT_OBJC_ISA_USAGE = YES_ERROR;
				CLANG_WARN_DOCUMENTATION_COMMENTS = YES;
				CLANG_WARN_EMPTY_BODY = YES;
				CLANG_WARN_ENUM_CONVERSION = YES;
				CLANG_WARN_INFINITE_RECURSION = YES;
				CLANG_WARN_INT_CONVERSION = YES;
				CLANG_WARN_NON_LITERAL_NULL_CONVERSION = YES;
				CLANG_WARN_OBJC_IMPLICIT_RETAIN_SELF = YES;
				CLANG_WARN_OBJC_LITERAL_CONVERSION = YES;
				CLANG_WARN_OBJC_ROOT_CLASS = YES_ERROR;
				CLANG_WARN_QUOTED_INCLUDE_IN_FRAMEWORK_HEADER = YES;
				CLANG_WARN_RANGE_LOOP_ANALYSIS = YES;
				CLANG_WARN_STRICT_PROTOTYPES = YES;
				CLANG_WARN_SUSPICIOUS_MOVE = YES;
				CLANG_WARN_UNGUARDED_AVAILABILITY = YES_AGGRESSIVE;
				CLANG_WARN_UNREACHABLE_CODE = YES;
				CLANG_WARN__DUPLICATE_METHOD_MATCH = YES;
				COPY_PHASE_STRIP = NO;
				DEBUG_INFORMATION_FORMAT = dwarf;
				ENABLE_STRICT_OBJC_MSGSEND = YES;
				ENABLE_TESTABILITY = YES;
				GCC_C_LANGUAGE_STANDARD = gnu11;
				GCC_DYNAMIC_NO_PIC = NO;
				GCC_NO_COMMON_BLOCKS = YES;
				GCC_OPTIMIZATION_LEVEL = 0;
				GCC_PREPROCESSOR_DEFINITIONS = (
					"DEBUG=1",
					"$(inherited)",
				);
				GCC_WARN_64_TO_32_BIT_CONVERSION = YES;
				GCC_WARN_ABOUT_RETURN_TYPE = YES_ERROR;
				GCC_WARN_UNDECLARED_SELECTOR = YES;
				GCC_WARN_UNINITIALIZED_AUTOS = YES_AGGRESSIVE;
				GCC_WARN_UNUSED_FUNCTION = YES;
				GCC_WARN_UNUSED_VARIABLE = YES;
				IPHONEOS_DEPLOYMENT_TARGET = 14.2;
				MTL_ENABLE_DEBUG_INFO = INCLUDE_SOURCE;
				MTL_FAST_MATH = YES;
				ONLY_ACTIVE_ARCH = YES;
				SDKROOT = iphoneos;
				SWIFT_ACTIVE_COMPILATION_CONDITIONS = DEBUG;
				SWIFT_OPTIMIZATION_LEVEL = "-Onone";
			};
			name = Debug;
		};
		47B6A97E2631374600873087 /* Release */ = {
			isa = XCBuildConfiguration;
			buildSettings = {
				ALWAYS_SEARCH_USER_PATHS = NO;
				CLANG_ANALYZER_NONNULL = YES;
				CLANG_ANALYZER_NUMBER_OBJECT_CONVERSION = YES_AGGRESSIVE;
				CLANG_CXX_LANGUAGE_STANDARD = "gnu++14";
				CLANG_CXX_LIBRARY = "libc++";
				CLANG_ENABLE_MODULES = YES;
				CLANG_ENABLE_OBJC_ARC = YES;
				CLANG_ENABLE_OBJC_WEAK = YES;
				CLANG_WARN_BLOCK_CAPTURE_AUTORELEASING = YES;
				CLANG_WARN_BOOL_CONVERSION = YES;
				CLANG_WARN_COMMA = YES;
				CLANG_WARN_CONSTANT_CONVERSION = YES;
				CLANG_WARN_DEPRECATED_OBJC_IMPLEMENTATIONS = YES;
				CLANG_WARN_DIRECT_OBJC_ISA_USAGE = YES_ERROR;
				CLANG_WARN_DOCUMENTATION_COMMENTS = YES;
				CLANG_WARN_EMPTY_BODY = YES;
				CLANG_WARN_ENUM_CONVERSION = YES;
				CLANG_WARN_INFINITE_RECURSION = YES;
				CLANG_WARN_INT_CONVERSION = YES;
				CLANG_WARN_NON_LITERAL_NULL_CONVERSION = YES;
				CLANG_WARN_OBJC_IMPLICIT_RETAIN_SELF = YES;
				CLANG_WARN_OBJC_LITERAL_CONVERSION = YES;
				CLANG_WARN_OBJC_ROOT_CLASS = YES_ERROR;
				CLANG_WARN_QUOTED_INCLUDE_IN_FRAMEWORK_HEADER = YES;
				CLANG_WARN_RANGE_LOOP_ANALYSIS = YES;
				CLANG_WARN_STRICT_PROTOTYPES = YES;
				CLANG_WARN_SUSPICIOUS_MOVE = YES;
				CLANG_WARN_UNGUARDED_AVAILABILITY = YES_AGGRESSIVE;
				CLANG_WARN_UNREACHABLE_CODE = YES;
				CLANG_WARN__DUPLICATE_METHOD_MATCH = YES;
				COPY_PHASE_STRIP = NO;
				DEBUG_INFORMATION_FORMAT = "dwarf-with-dsym";
				ENABLE_NS_ASSERTIONS = NO;
				ENABLE_STRICT_OBJC_MSGSEND = YES;
				GCC_C_LANGUAGE_STANDARD = gnu11;
				GCC_NO_COMMON_BLOCKS = YES;
				GCC_WARN_64_TO_32_BIT_CONVERSION = YES;
				GCC_WARN_ABOUT_RETURN_TYPE = YES_ERROR;
				GCC_WARN_UNDECLARED_SELECTOR = YES;
				GCC_WARN_UNINITIALIZED_AUTOS = YES_AGGRESSIVE;
				GCC_WARN_UNUSED_FUNCTION = YES;
				GCC_WARN_UNUSED_VARIABLE = YES;
				IPHONEOS_DEPLOYMENT_TARGET = 14.2;
				MTL_ENABLE_DEBUG_INFO = NO;
				MTL_FAST_MATH = YES;
				SDKROOT = iphoneos;
				SWIFT_COMPILATION_MODE = wholemodule;
				SWIFT_OPTIMIZATION_LEVEL = "-O";
				VALIDATE_PRODUCT = YES;
			};
			name = Release;
		};
		47B6A9802631374600873087 /* Debug */ = {
			isa = XCBuildConfiguration;
			baseConfigurationReference = EBFA3862514824B18908FD15 /* Pods-ClickGame.debug.xcconfig */;
			buildSettings = {
				ASSETCATALOG_COMPILER_APPICON_NAME = AppIcon;
				ASSETCATALOG_COMPILER_GLOBAL_ACCENT_COLOR_NAME = AccentColor;
				CODE_SIGN_STYLE = Automatic;
				INFOPLIST_FILE = ClickGame/Info.plist;
				LD_RUNPATH_SEARCH_PATHS = (
					"$(inherited)",
					"@executable_path/Frameworks",
				);
				PRODUCT_BUNDLE_IDENTIFIER = Wendra.ClickGame;
				PRODUCT_NAME = "$(TARGET_NAME)";
				SWIFT_VERSION = 5.0;
				TARGETED_DEVICE_FAMILY = "1,2";
			};
			name = Debug;
		};
		47B6A9812631374600873087 /* Release */ = {
			isa = XCBuildConfiguration;
			baseConfigurationReference = 1EE83F6A0FC15269D9CA063C /* Pods-ClickGame.release.xcconfig */;
			buildSettings = {
				ASSETCATALOG_COMPILER_APPICON_NAME = AppIcon;
				ASSETCATALOG_COMPILER_GLOBAL_ACCENT_COLOR_NAME = AccentColor;
				CODE_SIGN_STYLE = Automatic;
				INFOPLIST_FILE = ClickGame/Info.plist;
				LD_RUNPATH_SEARCH_PATHS = (
					"$(inherited)",
					"@executable_path/Frameworks",
				);
				PRODUCT_BUNDLE_IDENTIFIER = Wendra.ClickGame;
				PRODUCT_NAME = "$(TARGET_NAME)";
				SWIFT_VERSION = 5.0;
				TARGETED_DEVICE_FAMILY = "1,2";
			};
			name = Release;
		};
/* End XCBuildConfiguration section */

/* Begin XCConfigurationList section */
		47B6A9662631373700873087 /* Build configuration list for PBXProject "ClickGame" */ = {
			isa = XCConfigurationList;
			buildConfigurations = (
				47B6A97D2631374600873087 /* Debug */,
				47B6A97E2631374600873087 /* Release */,
			);
			defaultConfigurationIsVisible = 0;
			defaultConfigurationName = Release;
		};
		47B6A97F2631374600873087 /* Build configuration list for PBXNativeTarget "ClickGame" */ = {
			isa = XCConfigurationList;
			buildConfigurations = (
				47B6A9802631374600873087 /* Debug */,
				47B6A9812631374600873087 /* Release */,
			);
			defaultConfigurationIsVisible = 0;
			defaultConfigurationName = Release;
		};
/* End XCConfigurationList section */
	};
	rootObject = 47B6A9632631373700873087 /* Project object */;
}
